
Microsoft Visual Studio Solution File, Format Version 12.00
# Visual Studio Version 16
VisualStudioVersion = 16.0.31515.178
MinimumVisualStudioVersion = 10.0.40219.1
Project("{FAE04EC0-301F-11D3-BF4B-00C04F79EFBC}") = "WeatherApp.UWP", "WeatherApp\WeatherApp.UWP\WeatherApp.UWP.csproj", "{45D4E6E3-EAC7-426B-B73F-C528F7CCCB86}"
EndProject
Project("{FAE04EC0-301F-11D3-BF4B-00C04F79EFBC}") = "WeatherApp.Android", "WeatherApp\WeatherApp.Android\WeatherApp.Android.csproj", "{111428B0-D9D1-43E8-B63F-5DAA1C1A642A}"
EndProject
Project("{FAE04EC0-301F-11D3-BF4B-00C04F79EFBC}") = "WeatherApp.iOS", "WeatherApp\WeatherApp.iOS\WeatherApp.iOS.csproj", "{966B0C6D-C45E-4377-83CB-13EC776E0384}"
EndProject
Project("{FAE04EC0-301F-11D3-BF4B-00C04F79EFBC}") = "WeatherApp", "WeatherApp\WeatherApp\WeatherApp.csproj", "{208CC838-C004-4119-8DF5-8BEB4F337F37}"
EndProject
Global
	GlobalSection(SolutionConfigurationPlatforms) = preSolution
		Debug|Any CPU = Debug|Any CPU
		Debug|ARM = Debug|ARM
		Debug|iPhone = Debug|iPhone
		Debug|iPhoneSimulator = Debug|iPhoneSimulator
		Debug|x64 = Debug|x64
		Debug|x86 = Debug|x86
		Release|Any CPU = Release|Any CPU
		Release|ARM = Release|ARM
		Release|iPhone = Release|iPhone
		Release|iPhoneSimulator = Release|iPhoneSimulator
		Release|x64 = Release|x64
		Release|x86 = Release|x86
	EndGlobalSection
	GlobalSection(ProjectConfigurationPlatforms) = postSolution
		{45D4E6E3-EAC7-426B-B73F-C528F7CCCB86}.Debug|Any CPU.ActiveCfg = Debug|x86
		{45D4E6E3-EAC7-426B-B73F-C528F7CCCB86}.Debug|Any CPU.Build.0 = Debug|x86
		{45D4E6E3-EAC7-426B-B73F-C528F7CCCB86}.Debug|Any CPU.Deploy.0 = Debug|x86
		{45D4E6E3-EAC7-426B-B73F-C528F7CCCB86}.Debug|ARM.ActiveCfg = Debug|ARM
		{45D4E6E3-EAC7-426B-B73F-C528F7CCCB86}.Debug|ARM.Build.0 = Debug|ARM
		{45D4E6E3-EAC7-426B-B73F-C528F7CCCB86}.Debug|ARM.Deploy.0 = Debug|ARM
		{45D4E6E3-EAC7-426B-B73F-C528F7CCCB86}.Debug|iPhone.ActiveCfg = Debug|x86
		{45D4E6E3-EAC7-426B-B73F-C528F7CCCB86}.Debug|iPhone.Build.0 = Debug|x86
		{45D4E6E3-EAC7-426B-B73F-C528F7CCCB86}.Debug|iPhone.Deploy.0 = Debug|x86
		{45D4E6E3-EAC7-426B-B73F-C528F7CCCB86}.Debug|iPhoneSimulator.ActiveCfg = Debug|x86
		{45D4E6E3-EAC7-426B-B73F-C528F7CCCB86}.Debug|iPhoneSimulator.Build.0 = Debug|x86
		{45D4E6E3-EAC7-426B-B73F-C528F7CCCB86}.Debug|iPhoneSimulator.Deploy.0 = Debug|x86
		{45D4E6E3-EAC7-426B-B73F-C528F7CCCB86}.Debug|x64.ActiveCfg = Debug|x64
		{45D4E6E3-EAC7-426B-B73F-C528F7CCCB86}.Debug|x64.Build.0 = Debug|x64
		{45D4E6E3-EAC7-426B-B73F-C528F7CCCB86}.Debug|x64.Deploy.0 = Debug|x64
		{45D4E6E3-EAC7-426B-B73F-C528F7CCCB86}.Debug|x86.ActiveCfg = Debug|x86
		{45D4E6E3-EAC7-426B-B73F-C528F7CCCB86}.Debug|x86.Build.0 = Debug|x86
		{45D4E6E3-EAC7-426B-B73F-C528F7CCCB86}.Debug|x86.Deploy.0 = Debug|x86
		{45D4E6E3-EAC7-426B-B73F-C528F7CCCB86}.Release|Any CPU.ActiveCfg = Release|x86
		{45D4E6E3-EAC7-426B-B73F-C528F7CCCB86}.Release|Any CPU.Build.0 = Release|x86
		{45D4E6E3-EAC7-426B-B73F-C528F7CCCB86}.Release|Any CPU.Deploy.0 = Release|x86
		{45D4E6E3-EAC7-426B-B73F-C528F7CCCB86}.Release|ARM.ActiveCfg = Release|ARM
		{45D4E6E3-EAC7-426B-B73F-C528F7CCCB86}.Release|ARM.Build.0 = Release|ARM
		{45D4E6E3-EAC7-426B-B73F-C528F7CCCB86}.Release|ARM.Deploy.0 = Release|ARM
		{45D4E6E3-EAC7-426B-B73F-C528F7CCCB86}.Release|iPhone.ActiveCfg = Release|x86
		{45D4E6E3-EAC7-426B-B73F-C528F7CCCB86}.Release|iPhone.Build.0 = Release|x86
		{45D4E6E3-EAC7-426B-B73F-C528F7CCCB86}.Release|iPhone.Deploy.0 = Release|x86
		{45D4E6E3-EAC7-426B-B73F-C528F7CCCB86}.Release|iPhoneSimulator.ActiveCfg = Release|x86
		{45D4E6E3-EAC7-426B-B73F-C528F7CCCB86}.Release|iPhoneSimulator.Build.0 = Release|x86
		{45D4E6E3-EAC7-426B-B73F-C528F7CCCB86}.Release|iPhoneSimulator.Deploy.0 = Release|x86
		{45D4E6E3-EAC7-426B-B73F-C528F7CCCB86}.Release|x64.ActiveCfg = Release|x64
		{45D4E6E3-EAC7-426B-B73F-C528F7CCCB86}.Release|x64.Build.0 = Release|x64
		{45D4E6E3-EAC7-426B-B73F-C528F7CCCB86}.Release|x64.Deploy.0 = Release|x64
		{45D4E6E3-EAC7-426B-B73F-C528F7CCCB86}.Release|x86.ActiveCfg = Release|x86
		{45D4E6E3-EAC7-426B-B73F-C528F7CCCB86}.Release|x86.Build.0 = Release|x86
		{45D4E6E3-EAC7-426B-B73F-C528F7CCCB86}.Release|x86.Deploy.0 = Release|x86
		{111428B0-D9D1-43E8-B63F-5DAA1C1A642A}.Debug|Any CPU.ActiveCfg = Debug|Any CPU
		{111428B0-D9D1-43E8-B63F-5DAA1C1A642A}.Debug|Any CPU.Build.0 = Debug|Any CPU
		{111428B0-D9D1-43E8-B63F-5DAA1C1A642A}.Debug|Any CPU.Deploy.0 = Debug|Any CPU
		{111428B0-D9D1-43E8-B63F-5DAA1C1A642A}.Debug|ARM.ActiveCfg = Debug|Any CPU
		{111428B0-D9D1-43E8-B63F-5DAA1C1A642A}.Debug|ARM.Build.0 = Debug|Any CPU
		{111428B0-D9D1-43E8-B63F-5DAA1C1A642A}.Debug|ARM.Deploy.0 = Debug|Any CPU
		{111428B0-D9D1-43E8-B63F-5DAA1C1A642A}.Debug|iPhone.ActiveCfg = Debug|Any CPU
		{111428B0-D9D1-43E8-B63F-5DAA1C1A642A}.Debug|iPhone.Build.0 = Debug|Any CPU
		{111428B0-D9D1-43E8-B63F-5DAA1C1A642A}.Debug|iPhone.Deploy.0 = Debug|Any CPU
		{111428B0-D9D1-43E8-B63F-5DAA1C1A642A}.Debug|iPhoneSimulator.ActiveCfg = Debug|Any CPU
		{111428B0-D9D1-43E8-B63F-5DAA1C1A642A}.Debug|iPhoneSimulator.Build.0 = Debug|Any CPU
		{111428B0-D9D1-43E8-B63F-5DAA1C1A642A}.Debug|iPhoneSimulator.Deploy.0 = Debug|Any CPU
		{111428B0-D9D1-43E8-B63F-5DAA1C1A642A}.Debug|x64.ActiveCfg = Debug|Any CPU
		{111428B0-D9D1-43E8-B63F-5DAA1C1A642A}.Debug|x64.Build.0 = Debug|Any CPU
		{111428B0-D9D1-43E8-B63F-5DAA1C1A642A}.Debug|x64.Deploy.0 = Debug|Any CPU
		{111428B0-D9D1-43E8-B63F-5DAA1C1A642A}.Debug|x86.ActiveCfg = Debug|Any CPU
		{111428B0-D9D1-43E8-B63F-5DAA1C1A642A}.Debug|x86.Build.0 = Debug|Any CPU
		{111428B0-D9D1-43E8-B63F-5DAA1C1A642A}.Debug|x86.Deploy.0 = Debug|Any CPU
		{111428B0-D9D1-43E8-B63F-5DAA1C1A642A}.Release|Any CPU.ActiveCfg = Release|Any CPU
		{111428B0-D9D1-43E8-B63F-5DAA1C1A642A}.Release|Any CPU.Build.0 = Release|Any CPU
		{111428B0-D9D1-43E8-B63F-5DAA1C1A642A}.Release|Any CPU.Deploy.0 = Release|Any CPU
		{111428B0-D9D1-43E8-B63F-5DAA1C1A642A}.Release|ARM.ActiveCfg = Release|Any CPU
		{111428B0-D9D1-43E8-B63F-5DAA1C1A642A}.Release|ARM.Build.0 = Release|Any CPU
		{111428B0-D9D1-43E8-B63F-5DAA1C1A642A}.Release|ARM.Deploy.0 = Release|Any CPU
		{111428B0-D9D1-43E8-B63F-5DAA1C1A642A}.Release|iPhone.ActiveCfg = Release|Any CPU
		{111428B0-D9D1-43E8-B63F-5DAA1C1A642A}.Release|iPhone.Build.0 = Release|Any CPU
		{111428B0-D9D1-43E8-B63F-5DAA1C1A642A}.Release|iPhone.Deploy.0 = Release|Any CPU
		{111428B0-D9D1-43E8-B63F-5DAA1C1A642A}.Release|iPhoneSimulator.ActiveCfg = Release|Any CPU
		{111428B0-D9D1-43E8-B63F-5DAA1C1A642A}.Release|iPhoneSimulator.Build.0 = Release|Any CPU
		{111428B0-D9D1-43E8-B63F-5DAA1C1A642A}.Release|iPhoneSimulator.Deploy.0 = Release|Any CPU
		{111428B0-D9D1-43E8-B63F-5DAA1C1A642A}.Release|x64.ActiveCfg = Release|Any CPU
		{111428B0-D9D1-43E8-B63F-5DAA1C1A642A}.Release|x64.Build.0 = Release|Any CPU
		{111428B0-D9D1-43E8-B63F-5DAA1C1A642A}.Release|x64.Deploy.0 = Release|Any CPU
		{111428B0-D9D1-43E8-B63F-5DAA1C1A642A}.Release|x86.ActiveCfg = Release|Any CPU
		{111428B0-D9D1-43E8-B63F-5DAA1C1A642A}.Release|x86.Build.0 = Release|Any CPU
		{111428B0-D9D1-43E8-B63F-5DAA1C1A642A}.Release|x86.Deploy.0 = Release|Any CPU
		{966B0C6D-C45E-4377-83CB-13EC776E0384}.Debug|Any CPU.ActiveCfg = Debug|iPhoneSimulator
		{966B0C6D-C45E-4377-83CB-13EC776E0384}.Debug|Any CPU.Build.0 = Debug|iPhoneSimulator
		{966B0C6D-C45E-4377-83CB-13EC776E0384}.Debug|Any CPU.Deploy.0 = Debug|iPhoneSimulator
		{966B0C6D-C45E-4377-83CB-13EC776E0384}.Debug|ARM.ActiveCfg = Debug|iPhone
		{966B0C6D-C45E-4377-83CB-13EC776E0384}.Debug|ARM.Build.0 = Debug|iPhone
		{966B0C6D-C45E-4377-83CB-13EC776E0384}.Debug|ARM.Deploy.0 = Debug|iPhone
		{966B0C6D-C45E-4377-83CB-13EC776E0384}.Debug|iPhone.ActiveCfg = Debug|iPhone
		{966B0C6D-C45E-4377-83CB-13EC776E0384}.Debug|iPhone.Build.0 = Debug|iPhone
		{966B0C6D-C45E-4377-83CB-13EC776E0384}.Debug|iPhone.Deploy.0 = Debug|iPhone
		{966B0C6D-C45E-4377-83CB-13EC776E0384}.Debug|iPhoneSimulator.ActiveCfg = Debug|iPhoneSimulator
		{966B0C6D-C45E-4377-83CB-13EC776E0384}.Debug|iPhoneSimulator.Build.0 = Debug|iPhoneSimulator
		{966B0C6D-C45E-4377-83CB-13EC776E0384}.Debug|iPhoneSimulator.Deploy.0 = Debug|iPhoneSimulator
		{966B0C6D-C45E-4377-83CB-13EC776E0384}.Debug|x64.ActiveCfg = Debug|iPhoneSimulator
		{966B0C6D-C45E-4377-83CB-13EC776E0384}.Debug|x64.Build.0 = Debug|iPhoneSimulator
		{966B0C6D-C45E-4377-83CB-13EC776E0384}.Debug|x64.Deploy.0 = Debug|iPhoneSimulator
		{966B0C6D-C45E-4377-83CB-13EC776E0384}.Debug|x86.ActiveCfg = Debug|iPhoneSimulator
		{966B0C6D-C45E-4377-83CB-13EC776E0384}.Debug|x86.Build.0 = Debug|iPhoneSimulator
		{966B0C6D-C45E-4377-83CB-13EC776E0384}.Debug|x86.Deploy.0 = Debug|iPhoneSimulator
		{966B0C6D-C45E-4377-83CB-13EC776E0384}.Release|Any CPU.ActiveCfg = Release|iPhoneSimulator
		{966B0C6D-C45E-4377-83CB-13EC776E0384}.Release|Any CPU.Build.0 = Release|iPhoneSimulator
		{966B0C6D-C45E-4377-83CB-13EC776E0384}.Release|Any CPU.Deploy.0 = Release|iPhoneSimulator
		{966B0C6D-C45E-4377-83CB-13EC776E0384}.Release|ARM.ActiveCfg = Release|iPhoneSimulator
		{966B0C6D-C45E-4377-83CB-13EC776E0384}.Release|ARM.Build.0 = Release|iPhoneSimulator
		{966B0C6D-C45E-4377-83CB-13EC776E0384}.Release|ARM.Deploy.0 = Release|iPhoneSimulator
		{966B0C6D-C45E-4377-83CB-13EC776E0384}.Release|iPhone.ActiveCfg = Release|iPhone
		{966B0C6D-C45E-4377-83CB-13EC776E0384}.Release|iPhone.Build.0 = Release|iPhone
		{966B0C6D-C45E-4377-83CB-13EC776E0384}.Release|iPhone.Deploy.0 = Release|iPhone
		{966B0C6D-C45E-4377-83CB-13EC776E0384}.Release|iPhoneSimulator.ActiveCfg = Release|iPhoneSimulator
		{966B0C6D-C45E-4377-83CB-13EC776E0384}.Release|iPhoneSimulator.Build.0 = Release|iPhoneSimulator
		{966B0C6D-C45E-4377-83CB-13EC776E0384}.Release|iPhoneSimulator.Deploy.0 = Release|iPhoneSimulator
		{966B0C6D-C45E-4377-83CB-13EC776E0384}.Release|x64.ActiveCfg = Release|iPhoneSimulator
		{966B0C6D-C45E-4377-83CB-13EC776E0384}.Release|x64.Build.0 = Release|iPhoneSimulator
		{966B0C6D-C45E-4377-83CB-13EC776E0384}.Release|x64.Deploy.0 = Release|iPhoneSimulator
		{966B0C6D-C45E-4377-83CB-13EC776E0384}.Release|x86.ActiveCfg = Release|iPhoneSimulator
		{966B0C6D-C45E-4377-83CB-13EC776E0384}.Release|x86.Build.0 = Release|iPhoneSimulator
		{966B0C6D-C45E-4377-83CB-13EC776E0384}.Release|x86.Deploy.0 = Release|iPhoneSimulator
		{208CC838-C004-4119-8DF5-8BEB4F337F37}.Debug|Any CPU.ActiveCfg = Debug|Any CPU
		{208CC838-C004-4119-8DF5-8BEB4F337F37}.Debug|Any CPU.Build.0 = Debug|Any CPU
		{208CC838-C004-4119-8DF5-8BEB4F337F37}.Debug|Any CPU.Deploy.0 = Debug|Any CPU
		{208CC838-C004-4119-8DF5-8BEB4F337F37}.Debug|ARM.ActiveCfg = Debug|Any CPU
		{208CC838-C004-4119-8DF5-8BEB4F337F37}.Debug|ARM.Build.0 = Debug|Any CPU
		{208CC838-C004-4119-8DF5-8BEB4F337F37}.Debug|ARM.Deploy.0 = Debug|Any CPU
		{208CC838-C004-4119-8DF5-8BEB4F337F37}.Debug|iPhone.ActiveCfg = Debug|Any CPU
		{208CC838-C004-4119-8DF5-8BEB4F337F37}.Debug|iPhone.Build.0 = Debug|Any CPU
		{208CC838-C004-4119-8DF5-8BEB4F337F37}.Debug|iPhone.Deploy.0 = Debug|Any CPU
		{208CC838-C004-4119-8DF5-8BEB4F337F37}.Debug|iPhoneSimulator.ActiveCfg = Debug|Any CPU
		{208CC838-C004-4119-8DF5-8BEB4F337F37}.Debug|iPhoneSimulator.Build.0 = Debug|Any CPU
		{208CC838-C004-4119-8DF5-8BEB4F337F37}.Debug|iPhoneSimulator.Deploy.0 = Debug|Any CPU
		{208CC838-C004-4119-8DF5-8BEB4F337F37}.Debug|x64.ActiveCfg = Debug|Any CPU
		{208CC838-C004-4119-8DF5-8BEB4F337F37}.Debug|x64.Build.0 = Debug|Any CPU
		{208CC838-C004-4119-8DF5-8BEB4F337F37}.Debug|x64.Deploy.0 = Debug|Any CPU
		{208CC838-C004-4119-8DF5-8BEB4F337F37}.Debug|x86.ActiveCfg = Debug|Any CPU
		{208CC838-C004-4119-8DF5-8BEB4F337F37}.Debug|x86.Build.0 = Debug|Any CPU
		{208CC838-C004-4119-8DF5-8BEB4F337F37}.Debug|x86.Deploy.0 = Debug|Any CPU
		{208CC838-C004-4119-8DF5-8BEB4F337F37}.Release|Any CPU.ActiveCfg = Release|Any CPU
		{208CC838-C004-4119-8DF5-8BEB4F337F37}.Release|Any CPU.Build.0 = Release|Any CPU
		{208CC838-C004-4119-8DF5-8BEB4F337F37}.Release|Any CPU.Deploy.0 = Release|Any CPU
		{208CC838-C004-4119-8DF5-8BEB4F337F37}.Release|ARM.ActiveCfg = Release|Any CPU
		{208CC838-C004-4119-8DF5-8BEB4F337F37}.Release|ARM.Build.0 = Release|Any CPU
		{208CC838-C004-4119-8DF5-8BEB4F337F37}.Release|ARM.Deploy.0 = Release|Any CPU
		{208CC838-C004-4119-8DF5-8BEB4F337F37}.Release|iPhone.ActiveCfg = Release|Any CPU
		{208CC838-C004-4119-8DF5-8BEB4F337F37}.Release|iPhone.Build.0 = Release|Any CPU
		{208CC838-C004-4119-8DF5-8BEB4F337F37}.Release|iPhone.Deploy.0 = Release|Any CPU
		{208CC838-C004-4119-8DF5-8BEB4F337F37}.Release|iPhoneSimulator.ActiveCfg = Release|Any CPU
		{208CC838-C004-4119-8DF5-8BEB4F337F37}.Release|iPhoneSimulator.Build.0 = Release|Any CPU
		{208CC838-C004-4119-8DF5-8BEB4F337F37}.Release|iPhoneSimulator.Deploy.0 = Release|Any CPU
		{208CC838-C004-4119-8DF5-8BEB4F337F37}.Release|x64.ActiveCfg = Release|Any CPU
		{208CC838-C004-4119-8DF5-8BEB4F337F37}.Release|x64.Build.0 = Release|Any CPU
		{208CC838-C004-4119-8DF5-8BEB4F337F37}.Release|x64.Deploy.0 = Release|Any CPU
		{208CC838-C004-4119-8DF5-8BEB4F337F37}.Release|x86.ActiveCfg = Release|Any CPU
		{208CC838-C004-4119-8DF5-8BEB4F337F37}.Release|x86.Build.0 = Release|Any CPU
		{208CC838-C004-4119-8DF5-8BEB4F337F37}.Release|x86.Deploy.0 = Release|Any CPU
	EndGlobalSection
	GlobalSection(SolutionProperties) = preSolution
		HideSolutionNode = FALSE
	EndGlobalSection
	GlobalSection(ExtensibilityGlobals) = postSolution
		SolutionGuid = {591C2647-19D7-407E-BB9F-D4466E022022}
	EndGlobalSection
EndGlobal
